
Microsoft Visual Studio Solution File, Format Version 12.00
# Visual Studio Version 17
VisualStudioVersion = 17.14.36603.0 d17.14
MinimumVisualStudioVersion = 10.0.40219.1
Project("{FAE04EC0-301F-11D3-BF4B-00C04F79EFBC}") = "Ozel-Ogrenci-Okul-Otomasyonu", "Ozel-Ogrenci-Okul-Otomasyonu.csproj", "{A4FBF92B-EC8E-4C43-AD24-1A4063E80302}"
EndProject
Global
	GlobalSection(SolutionConfigurationPlatforms) = preSolution
		Debug|Any CPU = Debug|Any CPU
		Release|Any CPU = Release|Any CPU
	EndGlobalSection
	GlobalSection(ProjectConfigurationPlatforms) = postSolution
		{A4FBF92B-EC8E-4C43-AD24-1A4063E80302}.Debug|Any CPU.ActiveCfg = Debug|Any CPU
		{A4FBF92B-EC8E-4C43-AD24-1A4063E80302}.Debug|Any CPU.Build.0 = Debug|Any CPU
		{A4FBF92B-EC8E-4C43-AD24-1A4063E80302}.Release|Any CPU.ActiveCfg = Release|Any CPU
		{A4FBF92B-EC8E-4C43-AD24-1A4063E80302}.Release|Any CPU.Build.0 = Release|Any CPU
	EndGlobalSection
	GlobalSection(SolutionProperties) = preSolution
		HideSolutionNode = FALSE
	EndGlobalSection
	GlobalSection(ExtensibilityGlobals) = postSolution
		SolutionGuid = {A228AF68-97E2-4DC4-9EB1-F8CC4D83577C}
	EndGlobalSection
EndGlobal
